
Microsoft Visual Studio Solution File, Format Version 12.00
# Visual Studio Version 17
VisualStudioVersion = 17.8.34408.163
MinimumVisualStudioVersion = 10.0.40219.1
Project("{FAE04EC0-301F-11D3-BF4B-00C04F79EFBC}") = "Phase-End Project 1 Player and Team Requirements", "Phase-End Project 1 Player and Team Requirements\Phase-End Project 1 Player and Team Requirements.csproj", "{ED8F600D-245C-4311-A9CE-3191381D01F1}"
EndProject
Global
	GlobalSection(SolutionConfigurationPlatforms) = preSolution
		Debug|Any CPU = Debug|Any CPU
		Release|Any CPU = Release|Any CPU
	EndGlobalSection
	GlobalSection(ProjectConfigurationPlatforms) = postSolution
		{ED8F600D-245C-4311-A9CE-3191381D01F1}.Debug|Any CPU.ActiveCfg = Debug|Any CPU
		{ED8F600D-245C-4311-A9CE-3191381D01F1}.Debug|Any CPU.Build.0 = Debug|Any CPU
		{ED8F600D-245C-4311-A9CE-3191381D01F1}.Release|Any CPU.ActiveCfg = Release|Any CPU
		{ED8F600D-245C-4311-A9CE-3191381D01F1}.Release|Any CPU.Build.0 = Release|Any CPU
	EndGlobalSection
	GlobalSection(SolutionProperties) = preSolution
		HideSolutionNode = FALSE
	EndGlobalSection
	GlobalSection(ExtensibilityGlobals) = postSolution
		SolutionGuid = {2AF5DDB7-2A5E-4F4B-A1E2-F4D9C9E6E775}
	EndGlobalSection
EndGlobal
